
Microsoft Visual Studio Solution File, Format Version 12.00
# Visual Studio 15
VisualStudioVersion = 15.0.26730.12
MinimumVisualStudioVersion = 10.0.40219.1
Project("{2150E333-8FDC-42A3-9474-1A3956D46DE8}") = "test", "test", "{37F6B659-A438-47C1-A86B-652A4320DCB5}"
EndProject
Project("{FAE04EC0-301F-11D3-BF4B-00C04F79EFBC}") = "MySolution.RegressionTests", "test\MySolution.RegressionTests\MySolution.RegressionTests.csproj", "{CE91EEDB-D3C0-4C9B-BACB-6CBC404642E9}"
EndProject
Global
	GlobalSection(SolutionConfigurationPlatforms) = preSolution
		Debug|Any CPU = Debug|Any CPU
		Release|Any CPU = Release|Any CPU
	EndGlobalSection
	GlobalSection(ProjectConfigurationPlatforms) = postSolution
		{CE91EEDB-D3C0-4C9B-BACB-6CBC404642E9}.Debug|Any CPU.ActiveCfg = Debug|Any CPU
		{CE91EEDB-D3C0-4C9B-BACB-6CBC404642E9}.Debug|Any CPU.Build.0 = Debug|Any CPU
		{CE91EEDB-D3C0-4C9B-BACB-6CBC404642E9}.Release|Any CPU.ActiveCfg = Release|Any CPU
		{CE91EEDB-D3C0-4C9B-BACB-6CBC404642E9}.Release|Any CPU.Build.0 = Release|Any CPU
	EndGlobalSection
	GlobalSection(SolutionProperties) = preSolution
		HideSolutionNode = FALSE
	EndGlobalSection
	GlobalSection(NestedProjects) = preSolution
		{CE91EEDB-D3C0-4C9B-BACB-6CBC404642E9} = {37F6B659-A438-47C1-A86B-652A4320DCB5}
	EndGlobalSection
	GlobalSection(ExtensibilityGlobals) = postSolution
		SolutionGuid = {7E142EEC-A548-457D-B8A1-56BE177E91FD}
	EndGlobalSection
EndGlobal
